
Microsoft Visual Studio Solution File, Format Version 12.00
# Visual Studio 15
Project("{FAE04EC0-301F-11D3-BF4B-00C04F79EFBC}") = "Assembly-CSharp", "Assembly-CSharp.csproj", "{C957FC29-4D38-929B-1983-B674E763422D}"
EndProject
Project("{FAE04EC0-301F-11D3-BF4B-00C04F79EFBC}") = "Assembly-CSharp-firstpass", "Assembly-CSharp-firstpass.csproj", "{3377584C-11B4-8895-67BE-4A9C4A10A48C}"
EndProject
Project("{FAE04EC0-301F-11D3-BF4B-00C04F79EFBC}") = "Assembly-CSharp-Editor", "Assembly-CSharp-Editor.csproj", "{D27ACE11-33B4-2FFA-5547-694FBBBD5F2D}"
EndProject
Project("{FAE04EC0-301F-11D3-BF4B-00C04F79EFBC}") = "Assembly-CSharp-Editor-firstpass", "Assembly-CSharp-Editor-firstpass.csproj", "{10534A31-6581-CBC7-AA1B-7F1A843893CE}"
EndProject
Global
	GlobalSection(SolutionConfigurationPlatforms) = preSolution
		Debug|Any CPU = Debug|Any CPU
		Release|Any CPU = Release|Any CPU
	EndGlobalSection
	GlobalSection(ProjectConfigurationPlatforms) = postSolution
		{C957FC29-4D38-929B-1983-B674E763422D}.Debug|Any CPU.ActiveCfg = Debug|Any CPU
		{C957FC29-4D38-929B-1983-B674E763422D}.Debug|Any CPU.Build.0 = Debug|Any CPU
		{C957FC29-4D38-929B-1983-B674E763422D}.Release|Any CPU.ActiveCfg = Release|Any CPU
		{C957FC29-4D38-929B-1983-B674E763422D}.Release|Any CPU.Build.0 = Release|Any CPU
		{3377584C-11B4-8895-67BE-4A9C4A10A48C}.Debug|Any CPU.ActiveCfg = Debug|Any CPU
		{3377584C-11B4-8895-67BE-4A9C4A10A48C}.Debug|Any CPU.Build.0 = Debug|Any CPU
		{3377584C-11B4-8895-67BE-4A9C4A10A48C}.Release|Any CPU.ActiveCfg = Release|Any CPU
		{3377584C-11B4-8895-67BE-4A9C4A10A48C}.Release|Any CPU.Build.0 = Release|Any CPU
		{D27ACE11-33B4-2FFA-5547-694FBBBD5F2D}.Debug|Any CPU.ActiveCfg = Debug|Any CPU
		{D27ACE11-33B4-2FFA-5547-694FBBBD5F2D}.Debug|Any CPU.Build.0 = Debug|Any CPU
		{D27ACE11-33B4-2FFA-5547-694FBBBD5F2D}.Release|Any CPU.ActiveCfg = Release|Any CPU
		{D27ACE11-33B4-2FFA-5547-694FBBBD5F2D}.Release|Any CPU.Build.0 = Release|Any CPU
		{10534A31-6581-CBC7-AA1B-7F1A843893CE}.Debug|Any CPU.ActiveCfg = Debug|Any CPU
		{10534A31-6581-CBC7-AA1B-7F1A843893CE}.Debug|Any CPU.Build.0 = Debug|Any CPU
		{10534A31-6581-CBC7-AA1B-7F1A843893CE}.Release|Any CPU.ActiveCfg = Release|Any CPU
		{10534A31-6581-CBC7-AA1B-7F1A843893CE}.Release|Any CPU.Build.0 = Release|Any CPU
	EndGlobalSection
	GlobalSection(SolutionProperties) = preSolution
		HideSolutionNode = FALSE
	EndGlobalSection
EndGlobal
